{
  "pins" : [
    {
      "identity" : "amity-social-cloud-sdk-ios-swiftpm",
      "kind" : "remoteSourceControl",
      "location" : "https://github.com/AmityCo/Amity-Social-Cloud-SDK-iOS-SwiftPM.git",
      "state" : {
        "revision" : "3745c876b1665e15ee68aca360fe3e506c6caad2",
        "version" : "5.29.1"
      }
    },
    {
      "identity" : "snapkit",
      "kind" : "remoteSourceControl",
      "location" : "https://github.com/SnapKit/SnapKit.git",
      "state" : {
        "revision" : "d458564516e5676af9c70b4f4b2a9178294f1bc6",
        "version" : "5.0.1"
      }
    }
  ],
  "version" : 2
}
