{
  "object": {
    "pins": [
      {
        "package": "AmitySDK",
        "repositoryURL": "https://github.com/AmityCo/Amity-Social-Cloud-SDK-iOS-SwiftPM.git",
        "state": {
          "branch": null,
          "revision": "9d674bd39bc07752e0a645ca45c2419bfa853ed2",
          "version": "5.26.1"
        }
      }
    ]
  },
  "version": 1
}
